{
  "name": "Rotten-Prophet",
  "lockfileVersion": 2,
  "requires": true,
  "packages": {
    "": {
      "dependencies": {
        "button": "^1.1.1"
      }
    },
    "node_modules/button": {
      "version": "1.1.1",
      "resolved": "https://registry.npmjs.org/button/-/button-1.1.1.tgz",
      "integrity": "sha512-/eICyCdXkem6L3i02jNfo7CgY0lDtELov2IhiTAUkkl3kTnnr/Jee0Fjnj4TuLwl8wkdtplZaWWXMCeowmkmpA=="
    }
  },
  "dependencies": {
    "button": {
      "version": "1.1.1",
      "resolved": "https://registry.npmjs.org/button/-/button-1.1.1.tgz",
      "integrity": "sha512-/eICyCdXkem6L3i02jNfo7CgY0lDtELov2IhiTAUkkl3kTnnr/Jee0Fjnj4TuLwl8wkdtplZaWWXMCeowmkmpA=="
    }
  }
}
